<?xml version="1.0" encoding="utf-8"?>
<Project ToolsVersion="4.0" xmlns="http://schemas.microsoft.com/developer/msbuild/2003">
  <ItemGroup>
    <Filter Include="File di origine">
      <UniqueIdentifier>{4FC737F1-C7A5-4376-A066-2A32D752A2FF}</UniqueIdentifier>
      <Extensions>cpp;c;cc;cxx;c++;cppm;ixx;def;odl;idl;hpj;bat;asm;asmx</Extensions>
    </Filter>
    <Filter Include="File di intestazione">
      <UniqueIdentifier>{93995380-89BD-4b04-88EB-625FBE52EBFB}</UniqueIdentifier>
      <Extensions>h;hh;hpp;hxx;h++;hm;inl;inc;ipp;xsd</Extensions>
    </Filter>
    <Filter Include="File di risorse">
      <UniqueIdentifier>{67DA6AB6-F800-4c08-8B7A-83BB121AAD01}</UniqueIdentifier>
      <Extensions>rc;ico;cur;bmp;dlg;rc2;rct;bin;rgs;gif;jpg;jpeg;jpe;resx;tiff;tif;png;wav;mfcribbon-ms</Extensions>
    </Filter>
  </ItemGroup>
  <ItemGroup>
    <ClCompile Include="Source\Main.cpp">
      <Filter>File di origine</Filter>
    </ClCompile>
    <ClCompile Include="ExtLibs\GLAD\src\glad.c">
      <Filter>File di origine</Filter>
    </ClCompile>
    <ClCompile Include="Source\Libs\init.cpp">
      <Filter>File di origine</Filter>
    </ClCompile>
    <ClCompile Include="Source\Libs\camera.cpp">
      <Filter>File di origine</Filter>
    </ClCompile>
    <ClCompile Include="Source\Libs\entity.cpp">
      <Filter>File di origine</Filter>
    </ClCompile>
    <ClCompile Include="Source\Libs\shader.cpp">
      <Filter>File di origine</Filter>
    </ClCompile>
    <ClCompile Include="Source\Libs\renderer.cpp">
      <Filter>File di origine</Filter>
    </ClCompile>
    <ClCompile Include="Source\Libs\eventHandler.cpp">
      <Filter>File di origine</Filter>
    </ClCompile>
    <ClCompile Include="Source\Libs\ui.cpp">
      <Filter>File di origine</Filter>
    </ClCompile>
    <ClCompile Include="ExtLibs\imgui\imgui.cpp">
      <Filter>File di origine</Filter>
    </ClCompile>
    <ClCompile Include="ExtLibs\imgui\imgui_demo.cpp">
      <Filter>File di origine</Filter>
    </ClCompile>
    <ClCompile Include="ExtLibs\imgui\imgui_draw.cpp">
      <Filter>File di origine</Filter>
    </ClCompile>
    <ClCompile Include="ExtLibs\imgui\imgui_impl_opengl3.cpp">
      <Filter>File di origine</Filter>
    </ClCompile>
    <ClCompile Include="ExtLibs\imgui\imgui_widgets.cpp">
      <Filter>File di origine</Filter>
    </ClCompile>
    <ClCompile Include="ExtLibs\imgui\imgui_impl_glfw.cpp">
      <Filter>File di origine</Filter>
    </ClCompile>
    <ClCompile Include="Source\Libs\kernel.cpp">
      <Filter>File di origine</Filter>
    </ClCompile>
  </ItemGroup>
  <ItemGroup>
    <ClInclude Include="ExtLibs\imgui\imconfig-SFML.h">
      <Filter>File di intestazione</Filter>
    </ClInclude>
    <ClInclude Include="Source\Libs\lib.h">
      <Filter>File di intestazione</Filter>
    </ClInclude>
    <ClInclude Include="Source\Libs\init.h">
      <Filter>File di intestazione</Filter>
    </ClInclude>
    <ClInclude Include="Source\Libs\camera.h">
      <Filter>File di intestazione</Filter>
    </ClInclude>
    <ClInclude Include="Source\Libs\entity.h">
      <Filter>File di intestazione</Filter>
    </ClInclude>
    <ClInclude Include="Source\Libs\shader.h">
      <Filter>File di intestazione</Filter>
    </ClInclude>
    <ClInclude Include="Source\Libs\renderer.h">
      <Filter>File di intestazione</Filter>
    </ClInclude>
    <ClInclude Include="Source\Libs\eventHandler.h">
      <Filter>File di intestazione</Filter>
    </ClInclude>
    <ClInclude Include="Source\Libs\ui.h">
      <Filter>File di intestazione</Filter>
    </ClInclude>
    <ClInclude Include="ExtLibs\imgui\imconfig.h">
      <Filter>File di intestazione</Filter>
    </ClInclude>
    <ClInclude Include="ExtLibs\imgui\imgui.h">
      <Filter>File di intestazione</Filter>
    </ClInclude>
    <ClInclude Include="ExtLibs\imgui\imgui_impl_opengl3.h">
      <Filter>File di intestazione</Filter>
    </ClInclude>
    <ClInclude Include="ExtLibs\imgui\imgui_internal.h">
      <Filter>File di intestazione</Filter>
    </ClInclude>
    <ClInclude Include="ExtLibs\imgui\imstb_rectpack.h">
      <Filter>File di intestazione</Filter>
    </ClInclude>
    <ClInclude Include="ExtLibs\imgui\imstb_textedit.h">
      <Filter>File di intestazione</Filter>
    </ClInclude>
    <ClInclude Include="ExtLibs\imgui\imstb_truetype.h">
      <Filter>File di intestazione</Filter>
    </ClInclude>
    <ClInclude Include="ExtLibs\imgui\imgui_impl_glfw.h">
      <Filter>File di intestazione</Filter>
    </ClInclude>
    <ClInclude Include="Source\Libs\kernel.h">
      <Filter>File di intestazione</Filter>
    </ClInclude>
  </ItemGroup>
  <ItemGroup>
    <Font Include="Fonts\Arial.ttf" />
  </ItemGroup>
  <ItemGroup>
    <None Include=".gitignore" />
    <None Include="README.md" />
    <None Include="Shader\highlight\highlight.vert" />
    <None Include="Shader\highlight\highlight.frag" />
    <None Include="Shader\outline\outline.vert" />
    <None Include="Shader\outline\outline.frag" />
    <None Include="Shader\white\white.vert" />
    <None Include="Shader\white\white.frag" />
    <None Include="Shader\outlineAlpha\outline.frag" />
    <None Include="Shader\outlineAlpha\outline.vert" />
  </ItemGroup>
</Project>