
Microsoft Visual Studio Solution File, Format Version 12.00
# Visual Studio Version 16
VisualStudioVersion = 16.0.30621.155
MinimumVisualStudioVersion = 10.0.40219.1
Project("{8BC9CEB8-8B4A-11D0-8D11-00A0C91BC942}") = "3DEngine", "3DEngine.vcxproj", "{72C3BC75-B5FE-46A5-A811-176CEBE7FF5C}"
EndProject
Project("{8BC9CEB8-8B4A-11D0-8D11-00A0C91BC942}") = "SFML Test", "..\SFML Test\SFML Test.vcxproj", "{BE8C5B08-431B-4F3B-BEE2-26BDBEE19CBE}"
EndProject
Project("{8BC9CEB8-8B4A-11D0-8D11-00A0C91BC942}") = "String Test", "..\String Test\String Test.vcxproj", "{05796862-5B71-4B2A-AAA5-F3B219BE2847}"
EndProject
Project("{8BC9CEB8-8B4A-11D0-8D11-00A0C91BC942}") = "Window Test", "..\Window Test\Window Test.vcxproj", "{A723D48D-9482-423F-AA43-95F30F63CED1}"
EndProject
Project("{8BC9CEB8-8B4A-11D0-8D11-00A0C91BC942}") = "Gaussian Test", "..\Gaussian Test\Gaussian Test.vcxproj", "{7A11221D-449A-4CDC-AE78-53ED255E6C8F}"
EndProject
Project("{8BC9CEB8-8B4A-11D0-8D11-00A0C91BC942}") = "GLFW Test", "..\GLFW Test\GLFW Test.vcxproj", "{C1D7E960-5A17-4937-97EF-E57D413536F7}"
EndProject
Global
	GlobalSection(SolutionConfigurationPlatforms) = preSolution
		Debug|x64 = Debug|x64
		Debug|x86 = Debug|x86
		Release|x64 = Release|x64
		Release|x86 = Release|x86
	EndGlobalSection
	GlobalSection(ProjectConfigurationPlatforms) = postSolution
		{72C3BC75-B5FE-46A5-A811-176CEBE7FF5C}.Debug|x64.ActiveCfg = Debug|x64
		{72C3BC75-B5FE-46A5-A811-176CEBE7FF5C}.Debug|x64.Build.0 = Debug|x64
		{72C3BC75-B5FE-46A5-A811-176CEBE7FF5C}.Debug|x86.ActiveCfg = Debug|Win32
		{72C3BC75-B5FE-46A5-A811-176CEBE7FF5C}.Debug|x86.Build.0 = Debug|Win32
		{72C3BC75-B5FE-46A5-A811-176CEBE7FF5C}.Release|x64.ActiveCfg = Release|x64
		{72C3BC75-B5FE-46A5-A811-176CEBE7FF5C}.Release|x64.Build.0 = Release|x64
		{72C3BC75-B5FE-46A5-A811-176CEBE7FF5C}.Release|x86.ActiveCfg = Release|Win32
		{72C3BC75-B5FE-46A5-A811-176CEBE7FF5C}.Release|x86.Build.0 = Release|Win32
		{BE8C5B08-431B-4F3B-BEE2-26BDBEE19CBE}.Debug|x64.ActiveCfg = Debug|x64
		{BE8C5B08-431B-4F3B-BEE2-26BDBEE19CBE}.Debug|x64.Build.0 = Debug|x64
		{BE8C5B08-431B-4F3B-BEE2-26BDBEE19CBE}.Debug|x86.ActiveCfg = Debug|Win32
		{BE8C5B08-431B-4F3B-BEE2-26BDBEE19CBE}.Debug|x86.Build.0 = Debug|Win32
		{BE8C5B08-431B-4F3B-BEE2-26BDBEE19CBE}.Release|x64.ActiveCfg = Release|x64
		{BE8C5B08-431B-4F3B-BEE2-26BDBEE19CBE}.Release|x64.Build.0 = Release|x64
		{BE8C5B08-431B-4F3B-BEE2-26BDBEE19CBE}.Release|x86.ActiveCfg = Release|Win32
		{BE8C5B08-431B-4F3B-BEE2-26BDBEE19CBE}.Release|x86.Build.0 = Release|Win32
		{05796862-5B71-4B2A-AAA5-F3B219BE2847}.Debug|x64.ActiveCfg = Debug|x64
		{05796862-5B71-4B2A-AAA5-F3B219BE2847}.Debug|x64.Build.0 = Debug|x64
		{05796862-5B71-4B2A-AAA5-F3B219BE2847}.Debug|x86.ActiveCfg = Debug|Win32
		{05796862-5B71-4B2A-AAA5-F3B219BE2847}.Debug|x86.Build.0 = Debug|Win32
		{05796862-5B71-4B2A-AAA5-F3B219BE2847}.Release|x64.ActiveCfg = Release|x64
		{05796862-5B71-4B2A-AAA5-F3B219BE2847}.Release|x64.Build.0 = Release|x64
		{05796862-5B71-4B2A-AAA5-F3B219BE2847}.Release|x86.ActiveCfg = Release|Win32
		{05796862-5B71-4B2A-AAA5-F3B219BE2847}.Release|x86.Build.0 = Release|Win32
		{A723D48D-9482-423F-AA43-95F30F63CED1}.Debug|x64.ActiveCfg = Debug|x64
		{A723D48D-9482-423F-AA43-95F30F63CED1}.Debug|x64.Build.0 = Debug|x64
		{A723D48D-9482-423F-AA43-95F30F63CED1}.Debug|x86.ActiveCfg = Debug|Win32
		{A723D48D-9482-423F-AA43-95F30F63CED1}.Debug|x86.Build.0 = Debug|Win32
		{A723D48D-9482-423F-AA43-95F30F63CED1}.Release|x64.ActiveCfg = Release|x64
		{A723D48D-9482-423F-AA43-95F30F63CED1}.Release|x64.Build.0 = Release|x64
		{A723D48D-9482-423F-AA43-95F30F63CED1}.Release|x86.ActiveCfg = Release|Win32
		{A723D48D-9482-423F-AA43-95F30F63CED1}.Release|x86.Build.0 = Release|Win32
		{7A11221D-449A-4CDC-AE78-53ED255E6C8F}.Debug|x64.ActiveCfg = Debug|x64
		{7A11221D-449A-4CDC-AE78-53ED255E6C8F}.Debug|x64.Build.0 = Debug|x64
		{7A11221D-449A-4CDC-AE78-53ED255E6C8F}.Debug|x86.ActiveCfg = Debug|Win32
		{7A11221D-449A-4CDC-AE78-53ED255E6C8F}.Debug|x86.Build.0 = Debug|Win32
		{7A11221D-449A-4CDC-AE78-53ED255E6C8F}.Release|x64.ActiveCfg = Release|x64
		{7A11221D-449A-4CDC-AE78-53ED255E6C8F}.Release|x64.Build.0 = Release|x64
		{7A11221D-449A-4CDC-AE78-53ED255E6C8F}.Release|x86.ActiveCfg = Release|Win32
		{7A11221D-449A-4CDC-AE78-53ED255E6C8F}.Release|x86.Build.0 = Release|Win32
		{C1D7E960-5A17-4937-97EF-E57D413536F7}.Debug|x64.ActiveCfg = Debug|x64
		{C1D7E960-5A17-4937-97EF-E57D413536F7}.Debug|x64.Build.0 = Debug|x64
		{C1D7E960-5A17-4937-97EF-E57D413536F7}.Debug|x86.ActiveCfg = Debug|Win32
		{C1D7E960-5A17-4937-97EF-E57D413536F7}.Debug|x86.Build.0 = Debug|Win32
		{C1D7E960-5A17-4937-97EF-E57D413536F7}.Release|x64.ActiveCfg = Release|x64
		{C1D7E960-5A17-4937-97EF-E57D413536F7}.Release|x64.Build.0 = Release|x64
		{C1D7E960-5A17-4937-97EF-E57D413536F7}.Release|x86.ActiveCfg = Release|Win32
		{C1D7E960-5A17-4937-97EF-E57D413536F7}.Release|x86.Build.0 = Release|Win32
	EndGlobalSection
	GlobalSection(SolutionProperties) = preSolution
		HideSolutionNode = FALSE
	EndGlobalSection
	GlobalSection(ExtensibilityGlobals) = postSolution
		SolutionGuid = {18B74BB8-9E3F-49C8-8775-C2D0AC45E5B4}
	EndGlobalSection
EndGlobal
